{
  "name": "wave-analysis",
  "version": "1.0.0",
  "lockfileVersion": 1,
  "requires": true,
  "dependencies": {
    "@sports-alliance/sports-lib": {
      "version": "4.2.18",
      "resolved": "https://registry.npmjs.org/@sports-alliance/sports-lib/-/sports-lib-4.2.18.tgz",
      "integrity": "sha512-ZKcBUA+tk+r7ymxbwO0179OXfXiGQQLPqascUI3dmP4fgtSqczI9mRZRI17bKwGIAUAlIrisPnG3P1E24j97GA==",
      "requires": {
        "@types/node": "^13.9.0",
        "fast-xml-parser": "^3.16.0",
        "fit-file-parser": "^1.6.17",
        "geolib": "^3.2.1",
        "kalmanjs": "^1.1.0",
        "lowpassf": "^0.5.0",
        "moving-median": "^1.0.0"
      }
    },
    "@types/node": {
      "version": "13.13.14",
      "resolved": "https://registry.npmjs.org/@types/node/-/node-13.13.14.tgz",
      "integrity": "sha512-Az3QsOt1U/K1pbCQ0TXGELTuTkPLOiFIQf3ILzbOyo0FqgV9SxRnxbxM5QlAveERZMHpZY+7u3Jz2tKyl+yg6g=="
    },
    "base64-js": {
      "version": "1.3.1",
      "resolved": "https://registry.npmjs.org/base64-js/-/base64-js-1.3.1.tgz",
      "integrity": "sha512-mLQ4i2QO1ytvGWFWmcngKO//JXAQueZvwEKtjgQFM4jIK0kU+ytMfplL8j+n5mspOfjHwoAg+9yhb7BwAHm36g=="
    },
    "buffer": {
      "version": "5.6.0",
      "resolved": "https://registry.npmjs.org/buffer/-/buffer-5.6.0.tgz",
      "integrity": "sha512-/gDYp/UtU0eA1ys8bOs9J6a+E/KWIY+DZ+Q2WESNUA0jFRsJOc0SNUO6xJ5SGA1xueg3NL65W6s+NY5l9cunuw==",
      "requires": {
        "base64-js": "^1.0.2",
        "ieee754": "^1.1.4"
      }
    },
    "fast-xml-parser": {
      "version": "3.17.4",
      "resolved": "https://registry.npmjs.org/fast-xml-parser/-/fast-xml-parser-3.17.4.tgz",
      "integrity": "sha512-qudnQuyYBgnvzf5Lj/yxMcf4L9NcVWihXJg7CiU1L+oUCq8MUnFEfH2/nXR/W5uq+yvUN1h7z6s7vs2v1WkL1A=="
    },
    "fit-file-parser": {
      "version": "1.6.18",
      "resolved": "https://registry.npmjs.org/fit-file-parser/-/fit-file-parser-1.6.18.tgz",
      "integrity": "sha512-DmlXBIoikIeJ1fOb+85oJx/laXRXLYLaQDMJKyhhGjTcl+Xhv2/kTMRsLgLNAyq28GdBuVJGX2kpCNpd9+xveg==",
      "requires": {
        "buffer": "^5.1.0"
      }
    },
    "geolib": {
      "version": "3.3.1",
      "resolved": "https://registry.npmjs.org/geolib/-/geolib-3.3.1.tgz",
      "integrity": "sha512-sfahBXFcgELdpumDZV5b3KWiINkZxC5myAkLk067UUcTmTXaiE9SWmxMEHztn/Eus4JX6kesHxaIuZlniYgUtg=="
    },
    "ieee754": {
      "version": "1.1.13",
      "resolved": "https://registry.npmjs.org/ieee754/-/ieee754-1.1.13.tgz",
      "integrity": "sha512-4vf7I2LYV/HaWerSo3XmlMkp5eZ83i+/CDluXi/IGTs/O1sejBNhTtnxzmRZfvOUqj7lZjqHkeTvpgSFDlWZTg=="
    },
    "kalmanjs": {
      "version": "1.1.0",
      "resolved": "https://registry.npmjs.org/kalmanjs/-/kalmanjs-1.1.0.tgz",
      "integrity": "sha512-Gkm2DAKIX8geuDcEJ92e80EmQ6TyIzWBJk6AFk+aDLofQ4G/KoDe1RCY9WMuXFe0NQxsTi7HYh9BVQneOtlvkg=="
    },
    "lowpassf": {
      "version": "0.5.0",
      "resolved": "https://registry.npmjs.org/lowpassf/-/lowpassf-0.5.0.tgz",
      "integrity": "sha1-NKB1/OrDn84+dN2jGAAWA0jrBNQ="
    },
    "moving-median": {
      "version": "1.0.0",
      "resolved": "https://registry.npmjs.org/moving-median/-/moving-median-1.0.0.tgz",
      "integrity": "sha1-6xuKGZciURI0XXPigxspcYa5FOU="
    }
  }
}
